{
  "name": "examensarbete",
  "lockfileVersion": 2,
  "requires": true,
  "packages": {
    "": {
      "dependencies": {
        "@types/react-beautiful-dnd": "^13.1.2",
        "@types/styled-components": "^5.1.21"
      }
    },
    "node_modules/@types/hoist-non-react-statics": {},
    "node_modules/@types/react": {},
    "node_modules/@types/react-beautiful-dnd": {
      "version": "13.1.2",
      "resolved": "https://registry.npmjs.org/@types/react-beautiful-dnd/-/react-beautiful-dnd-13.1.2.tgz",
      "integrity": "sha512-+OvPkB8CdE/bGdXKyIhc/Lm2U7UAYCCJgsqmopFmh9gbAudmslkI8eOrPDjg4JhwSE6wytz4a3/wRjKtovHVJg==",
      "dependencies": {
        "@types/react": "*"
      }
    },
    "node_modules/@types/styled-components": {
      "version": "5.1.21",
      "resolved": "https://registry.npmjs.org/@types/styled-components/-/styled-components-5.1.21.tgz",
      "integrity": "sha512-lQzA0T6CaLXoeiOkSe2US2JfFgJV2/yJ8W1BaJubQQh2wdq7H+qScQQfbjURyLkgI1Ig+S/jRHCrWikfMHC6zA==",
      "dependencies": {
        "@types/hoist-non-react-statics": "*",
        "@types/react": "*",
        "csstype": "^3.0.2"
      }
    },
    "node_modules/csstype": {
      "version": "3.0.10",
      "resolved": "https://registry.npmjs.org/csstype/-/csstype-3.0.10.tgz",
      "integrity": "sha512-2u44ZG2OcNUO9HDp/Jl8C07x6pU/eTR3ncV91SiK3dhG9TWvRVsCoJw14Ckx5DgWkzGA3waZWO3d7pgqpUI/XA=="
    }
  },
  "dependencies": {
    "@types/hoist-non-react-statics": {},
    "@types/react": {},
    "@types/react-beautiful-dnd": {
      "version": "13.1.2",
      "resolved": "https://registry.npmjs.org/@types/react-beautiful-dnd/-/react-beautiful-dnd-13.1.2.tgz",
      "integrity": "sha512-+OvPkB8CdE/bGdXKyIhc/Lm2U7UAYCCJgsqmopFmh9gbAudmslkI8eOrPDjg4JhwSE6wytz4a3/wRjKtovHVJg==",
      "requires": {
        "@types/react": "*"
      }
    },
    "@types/styled-components": {
      "version": "5.1.21",
      "resolved": "https://registry.npmjs.org/@types/styled-components/-/styled-components-5.1.21.tgz",
      "integrity": "sha512-lQzA0T6CaLXoeiOkSe2US2JfFgJV2/yJ8W1BaJubQQh2wdq7H+qScQQfbjURyLkgI1Ig+S/jRHCrWikfMHC6zA==",
      "requires": {
        "@types/hoist-non-react-statics": "*",
        "@types/react": "*",
        "csstype": "^3.0.2"
      }
    },
    "csstype": {
      "version": "3.0.10",
      "resolved": "https://registry.npmjs.org/csstype/-/csstype-3.0.10.tgz",
      "integrity": "sha512-2u44ZG2OcNUO9HDp/Jl8C07x6pU/eTR3ncV91SiK3dhG9TWvRVsCoJw14Ckx5DgWkzGA3waZWO3d7pgqpUI/XA=="
    }
  }
}
